
Microsoft Visual Studio Solution File, Format Version 12.00
# Visual Studio Version 16
VisualStudioVersion = 16.0.31624.102
MinimumVisualStudioVersion = 10.0.40219.1
Project("{FAE04EC0-301F-11D3-BF4B-00C04F79EFBC}") = "практична 2", "практична 2.csproj", "{8959CBDA-80E3-417B-97FB-7B8670AFB8AB}"
EndProject
Global
	GlobalSection(SolutionConfigurationPlatforms) = preSolution
		Debug|Any CPU = Debug|Any CPU
		Release|Any CPU = Release|Any CPU
	EndGlobalSection
	GlobalSection(ProjectConfigurationPlatforms) = postSolution
		{8959CBDA-80E3-417B-97FB-7B8670AFB8AB}.Debug|Any CPU.ActiveCfg = Debug|Any CPU
		{8959CBDA-80E3-417B-97FB-7B8670AFB8AB}.Debug|Any CPU.Build.0 = Debug|Any CPU
		{8959CBDA-80E3-417B-97FB-7B8670AFB8AB}.Release|Any CPU.ActiveCfg = Release|Any CPU
		{8959CBDA-80E3-417B-97FB-7B8670AFB8AB}.Release|Any CPU.Build.0 = Release|Any CPU
	EndGlobalSection
	GlobalSection(SolutionProperties) = preSolution
		HideSolutionNode = FALSE
	EndGlobalSection
	GlobalSection(ExtensibilityGlobals) = postSolution
		SolutionGuid = {DEF46559-5204-474D-931E-1B72ED756FC0}
	EndGlobalSection
EndGlobal
